{
  "name": "cookbook-expo",
  "version": "3.13.0",
  "lockfileVersion": 1,
  "requires": true,
  "dependencies": {
    "gl-react": {
      "version": "file:../gl-react",
      "requires": {
        "gl-shader": "4.2.1",
        "invariant": "2.2.2",
        "ndarray": "1.0.18",
        "prop-types": "15.6.0",
        "typedarray-pool": "1.1.0",
        "webgltexture-loader": "0.6.0",
        "webgltexture-loader-ndarray": "0.6.0"
      },
      "dependencies": {
        "add-line-numbers": {
          "version": "1.0.1",
          "bundled": true,
          "requires": {
            "pad-left": "1.0.2"
          }
        },
        "asap": {
          "version": "2.0.6",
          "bundled": true
        },
        "atob-lite": {
          "version": "1.0.0",
          "bundled": true
        },
        "bit-twiddle": {
          "version": "1.0.2",
          "bundled": true
        },
        "core-js": {
          "version": "1.2.7",
          "bundled": true
        },
        "core-util-is": {
          "version": "1.0.2",
          "bundled": true
        },
        "cwise-compiler": {
          "version": "1.1.3",
          "bundled": true,
          "requires": {
            "uniq": "1.0.1"
          }
        },
        "dup": {
          "version": "1.0.0",
          "bundled": true
        },
        "encoding": {
          "version": "0.1.12",
          "bundled": true,
          "requires": {
            "iconv-lite": "0.4.19"
          }
        },
        "fbjs": {
          "version": "0.8.16",
          "bundled": true,
          "requires": {
            "core-js": "1.2.7",
            "isomorphic-fetch": "2.2.1",
            "loose-envify": "1.3.1",
            "object-assign": "4.1.1",
            "promise": "7.3.1",
            "setimmediate": "1.0.5",
            "ua-parser-js": "0.7.14"
          }
        },
        "gl-constants": {
          "version": "1.0.0",
          "bundled": true
        },
        "gl-format-compiler-error": {
          "version": "1.0.3",
          "bundled": true,
          "requires": {
            "add-line-numbers": "1.0.1",
            "gl-constants": "1.0.0",
            "glsl-shader-name": "1.0.0",
            "sprintf-js": "1.1.1"
          }
        },
        "gl-shader": {
          "version": "4.2.1",
          "bundled": true,
          "requires": {
            "gl-format-compiler-error": "1.0.3",
            "weakmap-shim": "1.1.1"
          }
        },
        "glsl-shader-name": {
          "version": "1.0.0",
          "bundled": true,
          "requires": {
            "atob-lite": "1.0.0",
            "glsl-tokenizer": "2.1.2"
          }
        },
        "glsl-tokenizer": {
          "version": "2.1.2",
          "bundled": true,
          "requires": {
            "through2": "0.6.5"
          }
        },
        "iconv-lite": {
          "version": "0.4.19",
          "bundled": true
        },
        "inherits": {
          "version": "2.0.3",
          "bundled": true
        },
        "invariant": {
          "version": "2.2.2",
          "bundled": true,
          "requires": {
            "loose-envify": "1.3.1"
          }
        },
        "iota-array": {
          "version": "1.0.0",
          "bundled": true
        },
        "is-buffer": {
          "version": "1.1.5",
          "bundled": true
        },
        "is-stream": {
          "version": "1.1.0",
          "bundled": true
        },
        "isarray": {
          "version": "0.0.1",
          "bundled": true
        },
        "isomorphic-fetch": {
          "version": "2.2.1",
          "bundled": true,
          "requires": {
            "node-fetch": "1.7.3",
            "whatwg-fetch": "2.0.3"
          }
        },
        "js-tokens": {
          "version": "3.0.2",
          "bundled": true
        },
        "loose-envify": {
          "version": "1.3.1",
          "bundled": true,
          "requires": {
            "js-tokens": "3.0.2"
          }
        },
        "ndarray": {
          "version": "1.0.18",
          "bundled": true,
          "requires": {
            "iota-array": "1.0.0",
            "is-buffer": "1.1.5"
          }
        },
        "ndarray-ops": {
          "version": "1.2.2",
          "bundled": true,
          "requires": {
            "cwise-compiler": "1.1.3"
          }
        },
        "node-fetch": {
          "version": "1.7.3",
          "bundled": true,
          "requires": {
            "encoding": "0.1.12",
            "is-stream": "1.1.0"
          }
        },
        "object-assign": {
          "version": "4.1.1",
          "bundled": true
        },
        "pad-left": {
          "version": "1.0.2",
          "bundled": true,
          "requires": {
            "repeat-string": "1.6.1"
          }
        },
        "promise": {
          "version": "7.3.1",
          "bundled": true,
          "requires": {
            "asap": "2.0.6"
          }
        },
        "prop-types": {
          "version": "15.6.0",
          "bundled": true,
          "requires": {
            "fbjs": "0.8.16",
            "loose-envify": "1.3.1",
            "object-assign": "4.1.1"
          }
        },
        "readable-stream": {
          "version": "1.0.34",
          "bundled": true,
          "requires": {
            "core-util-is": "1.0.2",
            "inherits": "2.0.3",
            "isarray": "0.0.1",
            "string_decoder": "0.10.31"
          }
        },
        "repeat-string": {
          "version": "1.6.1",
          "bundled": true
        },
        "setimmediate": {
          "version": "1.0.5",
          "bundled": true
        },
        "sprintf-js": {
          "version": "1.1.1",
          "bundled": true
        },
        "string_decoder": {
          "version": "0.10.31",
          "bundled": true
        },
        "through2": {
          "version": "0.6.5",
          "bundled": true,
          "requires": {
            "readable-stream": "1.0.34",
            "xtend": "4.0.1"
          }
        },
        "typedarray-pool": {
          "version": "1.1.0",
          "bundled": true,
          "requires": {
            "bit-twiddle": "1.0.2",
            "dup": "1.0.0"
          }
        },
        "ua-parser-js": {
          "version": "0.7.14",
          "bundled": true
        },
        "uniq": {
          "version": "1.0.1",
          "bundled": true
        },
        "weakmap-shim": {
          "version": "1.1.1",
          "bundled": true
        },
        "webgltexture-loader": {
          "version": "0.6.0",
          "bundled": true
        },
        "webgltexture-loader-ndarray": {
          "version": "0.6.0",
          "bundled": true,
          "requires": {
            "ndarray": "1.0.18",
            "ndarray-ops": "1.2.2",
            "typedarray-pool": "1.1.0",
            "webgltexture-loader": "0.6.0"
          }
        },
        "whatwg-fetch": {
          "version": "2.0.3",
          "bundled": true
        },
        "xtend": {
          "version": "4.0.1",
          "bundled": true
        }
      }
    },
    "gl-react-expo": {
      "version": "file:../gl-react-expo",
      "requires": {
        "invariant": "2.2.2",
        "prop-types": "15.6.0",
        "webgltexture-loader-expo": "0.6.2"
      },
      "dependencies": {
        "asap": {
          "version": "2.0.6",
          "bundled": true
        },
        "core-js": {
          "version": "1.2.7",
          "bundled": true
        },
        "encoding": {
          "version": "0.1.12",
          "bundled": true,
          "requires": {
            "iconv-lite": "0.4.19"
          }
        },
        "fbjs": {
          "version": "0.8.16",
          "bundled": true,
          "requires": {
            "core-js": "1.2.7",
            "isomorphic-fetch": "2.2.1",
            "loose-envify": "1.3.1",
            "object-assign": "4.1.1",
            "promise": "7.3.1",
            "setimmediate": "1.0.5",
            "ua-parser-js": "0.7.14"
          }
        },
        "gl-react": {
          "version": "3.13.0",
          "bundled": true,
          "requires": {
            "gl-shader": "4.2.1",
            "invariant": "2.2.2",
            "ndarray": "1.0.18",
            "prop-types": "15.6.0",
            "typedarray-pool": "1.1.0",
            "webgltexture-loader": "0.6.0",
            "webgltexture-loader-ndarray": "0.6.0"
          },
          "dependencies": {
            "add-line-numbers": {
              "version": "1.0.1",
              "bundled": true,
              "requires": {
                "pad-left": "1.0.2"
              }
            },
            "asap": {
              "version": "2.0.6",
              "bundled": true
            },
            "atob-lite": {
              "version": "1.0.0",
              "bundled": true
            },
            "bit-twiddle": {
              "version": "1.0.2",
              "bundled": true
            },
            "core-js": {
              "version": "1.2.7",
              "bundled": true
            },
            "core-util-is": {
              "version": "1.0.2",
              "bundled": true
            },
            "cwise-compiler": {
              "version": "1.1.3",
              "bundled": true,
              "requires": {
                "uniq": "1.0.1"
              }
            },
            "dup": {
              "version": "1.0.0",
              "bundled": true
            },
            "encoding": {
              "version": "0.1.12",
              "bundled": true,
              "requires": {
                "iconv-lite": "0.4.19"
              }
            },
            "fbjs": {
              "version": "0.8.16",
              "bundled": true,
              "requires": {
                "core-js": "1.2.7",
                "isomorphic-fetch": "2.2.1",
                "loose-envify": "1.3.1",
                "object-assign": "4.1.1",
                "promise": "7.3.1",
                "setimmediate": "1.0.5",
                "ua-parser-js": "0.7.14"
              }
            },
            "gl-constants": {
              "version": "1.0.0",
              "bundled": true
            },
            "gl-format-compiler-error": {
              "version": "1.0.3",
              "bundled": true,
              "requires": {
                "add-line-numbers": "1.0.1",
                "gl-constants": "1.0.0",
                "glsl-shader-name": "1.0.0",
                "sprintf-js": "1.1.1"
              }
            },
            "gl-shader": {
              "version": "4.2.1",
              "bundled": true,
              "requires": {
                "gl-format-compiler-error": "1.0.3",
                "weakmap-shim": "1.1.1"
              }
            },
            "glsl-shader-name": {
              "version": "1.0.0",
              "bundled": true,
              "requires": {
                "atob-lite": "1.0.0",
                "glsl-tokenizer": "2.1.2"
              }
            },
            "glsl-tokenizer": {
              "version": "2.1.2",
              "bundled": true,
              "requires": {
                "through2": "0.6.5"
              }
            },
            "iconv-lite": {
              "version": "0.4.19",
              "bundled": true
            },
            "inherits": {
              "version": "2.0.3",
              "bundled": true
            },
            "invariant": {
              "version": "2.2.2",
              "bundled": true,
              "requires": {
                "loose-envify": "1.3.1"
              }
            },
            "iota-array": {
              "version": "1.0.0",
              "bundled": true
            },
            "is-buffer": {
              "version": "1.1.5",
              "bundled": true
            },
            "is-stream": {
              "version": "1.1.0",
              "bundled": true
            },
            "isarray": {
              "version": "0.0.1",
              "bundled": true
            },
            "isomorphic-fetch": {
              "version": "2.2.1",
              "bundled": true,
              "requires": {
                "node-fetch": "1.7.3",
                "whatwg-fetch": "2.0.3"
              }
            },
            "js-tokens": {
              "version": "3.0.2",
              "bundled": true
            },
            "loose-envify": {
              "version": "1.3.1",
              "bundled": true,
              "requires": {
                "js-tokens": "3.0.2"
              }
            },
            "ndarray": {
              "version": "1.0.18",
              "bundled": true,
              "requires": {
                "iota-array": "1.0.0",
                "is-buffer": "1.1.5"
              }
            },
            "ndarray-ops": {
              "version": "1.2.2",
              "bundled": true,
              "requires": {
                "cwise-compiler": "1.1.3"
              }
            },
            "node-fetch": {
              "version": "1.7.3",
              "bundled": true,
              "requires": {
                "encoding": "0.1.12",
                "is-stream": "1.1.0"
              }
            },
            "object-assign": {
              "version": "4.1.1",
              "bundled": true
            },
            "pad-left": {
              "version": "1.0.2",
              "bundled": true,
              "requires": {
                "repeat-string": "1.6.1"
              }
            },
            "promise": {
              "version": "7.3.1",
              "bundled": true,
              "requires": {
                "asap": "2.0.6"
              }
            },
            "prop-types": {
              "version": "15.6.0",
              "bundled": true,
              "requires": {
                "fbjs": "0.8.16",
                "loose-envify": "1.3.1",
                "object-assign": "4.1.1"
              }
            },
            "readable-stream": {
              "version": "1.0.34",
              "bundled": true,
              "requires": {
                "core-util-is": "1.0.2",
                "inherits": "2.0.3",
                "isarray": "0.0.1",
                "string_decoder": "0.10.31"
              }
            },
            "repeat-string": {
              "version": "1.6.1",
              "bundled": true
            },
            "setimmediate": {
              "version": "1.0.5",
              "bundled": true
            },
            "sprintf-js": {
              "version": "1.1.1",
              "bundled": true
            },
            "string_decoder": {
              "version": "0.10.31",
              "bundled": true
            },
            "through2": {
              "version": "0.6.5",
              "bundled": true,
              "requires": {
                "readable-stream": "1.0.34",
                "xtend": "4.0.1"
              }
            },
            "typedarray-pool": {
              "version": "1.1.0",
              "bundled": true,
              "requires": {
                "bit-twiddle": "1.0.2",
                "dup": "1.0.0"
              }
            },
            "ua-parser-js": {
              "version": "0.7.14",
              "bundled": true
            },
            "uniq": {
              "version": "1.0.1",
              "bundled": true
            },
            "weakmap-shim": {
              "version": "1.1.1",
              "bundled": true
            },
            "webgltexture-loader": {
              "version": "0.6.0",
              "bundled": true
            },
            "webgltexture-loader-ndarray": {
              "version": "0.6.0",
              "bundled": true,
              "requires": {
                "ndarray": "1.0.18",
                "ndarray-ops": "1.2.2",
                "typedarray-pool": "1.1.0",
                "webgltexture-loader": "0.6.0"
              }
            },
            "whatwg-fetch": {
              "version": "2.0.3",
              "bundled": true
            },
            "xtend": {
              "version": "4.0.1",
              "bundled": true
            }
          }
        },
        "iconv-lite": {
          "version": "0.4.19",
          "bundled": true
        },
        "invariant": {
          "version": "2.2.2",
          "bundled": true,
          "requires": {
            "loose-envify": "1.3.1"
          }
        },
        "is-stream": {
          "version": "1.1.0",
          "bundled": true
        },
        "isomorphic-fetch": {
          "version": "2.2.1",
          "bundled": true,
          "requires": {
            "node-fetch": "1.7.3",
            "whatwg-fetch": "2.0.3"
          }
        },
        "js-tokens": {
          "version": "3.0.2",
          "bundled": true
        },
        "loose-envify": {
          "version": "1.3.1",
          "bundled": true,
          "requires": {
            "js-tokens": "3.0.2"
          }
        },
        "node-fetch": {
          "version": "1.7.3",
          "bundled": true,
          "requires": {
            "encoding": "0.1.12",
            "is-stream": "1.1.0"
          }
        },
        "object-assign": {
          "version": "4.1.1",
          "bundled": true
        },
        "promise": {
          "version": "7.3.1",
          "bundled": true,
          "requires": {
            "asap": "2.0.6"
          }
        },
        "prop-types": {
          "version": "15.6.0",
          "bundled": true,
          "requires": {
            "fbjs": "0.8.16",
            "loose-envify": "1.3.1",
            "object-assign": "4.1.1"
          }
        },
        "setimmediate": {
          "version": "1.0.5",
          "bundled": true
        },
        "ua-parser-js": {
          "version": "0.7.14",
          "bundled": true
        },
        "webgltexture-loader": {
          "version": "0.6.0",
          "bundled": true
        },
        "webgltexture-loader-expo": {
          "version": "0.6.2",
          "bundled": true,
          "requires": {
            "webgltexture-loader": "0.6.0"
          }
        },
        "whatwg-fetch": {
          "version": "2.0.3",
          "bundled": true
        }
      }
    }
  }
}
