# THIS IS AN AUTOGENERATED FILE. DO NOT EDIT THIS FILE DIRECTLY.
# yarn lockfile v1


"@emnapi/runtime@^1.11.3":
  version "1.11.3"
  resolved "https://registry.yarnpkg.com/@emnapi/runtime/-/runtime-1.11.3.tgz#84257ae3b0531eb2aec1ffa23d70700da007ba95"
  integrity sha512-Xz4Tpyki7XyrpbUK1jR1AhdAdaXyhhY4lZ3neLodmhpuWfy2PAQN5B46sAiU4liOXGLkHypn/qU+jvfWSCYYLA==
  dependencies:
    tslib "^2.4.0"

"@img/colour@^1.1.0":
  version "1.1.0"
  resolved "https://registry.yarnpkg.com/@img/colour/-/colour-1.1.0.tgz#b0c2c2fa661adf75effd6b4964497cd80010bb9d"
  integrity sha512-Td76q7j57o/tLVdgS746cYARfSyxk8iEfRxewL9h4OMzYhbW4TAcppl0mT4eyqXddh6L/jwoM75mo7ixa/pCeQ==

"@img/sharp-darwin-arm64@0.35.5":
  version "0.35.5"
  resolved "https://registry.yarnpkg.com/@img/sharp-darwin-arm64/-/sharp-darwin-arm64-0.35.5.tgz#b1e0276d4e9bf26a7fde7b2adcbe076c71015fc2"
  integrity sha512-QRUlFQ0WxvdWyqqG/WtI3iupfD5rBzmCHXSdPsY91sAtVtTo7Q4cb6zOccZ3gqEqkr0f1As1ehLqmEpDsRf+lg==
  optionalDependencies:
    "@img/sharp-libvips-darwin-arm64" "1.3.4"

"@img/sharp-darwin-x64@0.35.5":
  version "0.35.5"
  resolved "https://registry.yarnpkg.com/@img/sharp-darwin-x64/-/sharp-darwin-x64-0.35.5.tgz#bff811f9610ef322415e87f7551fd5d773122928"
  integrity sha512-+BR255RhDlpygUpOc/Jdt1nT6DQ3XG/ERo5wbcdOf5Q320dKtPCKPLR1LJs9VGXRaMa8l1uUa0tkCNOXiAxZUw==
  optionalDependencies:
    "@img/sharp-libvips-darwin-x64" "1.3.4"

"@img/sharp-freebsd-wasm32@0.35.5":
  version "0.35.5"
  resolved "https://registry.yarnpkg.com/@img/sharp-freebsd-wasm32/-/sharp-freebsd-wasm32-0.35.5.tgz#53b6041958608afa2f5f08323091101407e99086"
  integrity sha512-Y/z91nEZ4uIBX5X3nfTovjU9lHNKFYbL2lpHCLVNmXQK03VIZvXBBt0KxbPGp2SdGSF+2mQU4e+hQaWOt86iAw==
  dependencies:
    "@img/sharp-wasm32" "0.35.5"

"@img/sharp-libvips-darwin-arm64@1.3.4":
  version "1.3.4"
  resolved "https://registry.yarnpkg.com/@img/sharp-libvips-darwin-arm64/-/sharp-libvips-darwin-arm64-1.3.4.tgz#f29cbba302384f9a08bdb04d14c57b5cf71da4a4"
  integrity sha512-5R89nBYiRdUlSWJxPhO+GVtaXzXSxKnRu/xqMn3KTA3L9EB9Oy/P+Nn2f2vlhPuUdy/Zusb2DarbyTpGCfEDuw==

"@img/sharp-libvips-darwin-x64@1.3.4":
  version "1.3.4"
  resolved "https://registry.yarnpkg.com/@img/sharp-libvips-darwin-x64/-/sharp-libvips-darwin-x64-1.3.4.tgz#527f52721a89dd75614663aef87162a781739bab"
  integrity sha512-iR2OKH80yi0U+dUplyh3/xdpFvps6YkCwsXenIJxqxR1v9o+xtKTGbS9H7cps+2Vxjc8B1j96p75NmTGjIhtpQ==

"@img/sharp-libvips-linux-arm64@1.3.4":
  version "1.3.4"
  resolved "https://registry.yarnpkg.com/@img/sharp-libvips-linux-arm64/-/sharp-libvips-linux-arm64-1.3.4.tgz#78c11c6b0a4b4045c72dacacdec3b10f3e521349"
  integrity sha512-Y3dgX/6lE2QhQb+Gxy0WZxfg9MEm/JBjamZpS2IklP7xIQoKN4hzAm7KcMVGtaVDt3neE9OKBC7vAfonA/Lr1A==

"@img/sharp-libvips-linux-arm@1.3.4":
  version "1.3.4"
  resolved "https://registry.yarnpkg.com/@img/sharp-libvips-linux-arm/-/sharp-libvips-linux-arm-1.3.4.tgz#f5ecd8ebb63690e580438e308ce73015b49516a8"
  integrity sha512-LmRtTsOHuvM2+wlO2Db37dx5MiZhB0FvSunciw48YjdOkZz9KAiRbm8ujeMOA1INqmei5NapFxYEK1D1ZSidmw==

"@img/sharp-libvips-linux-ppc64@1.3.4":
  version "1.3.4"
  resolved "https://registry.yarnpkg.com/@img/sharp-libvips-linux-ppc64/-/sharp-libvips-linux-ppc64-1.3.4.tgz#b66a4d25bd042eff66c8076b1e4bd99c6d19246e"
  integrity sha512-Le6boB8Tai0Nis+gIxIpKx68UDVVIqdR8Tin5Yf1z2LJJQLDJvCDRqRu+jC2qCoD+eIomonmOwB4smBRxfVpYQ==

"@img/sharp-libvips-linux-riscv64@1.3.4":
  version "1.3.4"
  resolved "https://registry.yarnpkg.com/@img/sharp-libvips-linux-riscv64/-/sharp-libvips-linux-riscv64-1.3.4.tgz#9dee8b3fd801c0ff5d6083d6558d3c89b8dedc1b"
  integrity sha512-aHkkIEHPRdQEegJN20MLmGtxYD9R2wQr3Cwpddnu5+YKMt6Uzax7S9h5gpZTo8wyrGuZSlfQ63OevL5mTyOC7Q==

"@img/sharp-libvips-linux-s390x@1.3.4":
  version "1.3.4"
  resolved "https://registry.yarnpkg.com/@img/sharp-libvips-linux-s390x/-/sharp-libvips-linux-s390x-1.3.4.tgz#55a80f118f9ffd7653d20cefde41fca6ba0241e2"
  integrity sha512-ra/mB6MikESDUO7Yg+Mi95bFBb9GsObURuhnOv3OqknjGe9sZrG8tCe9q0xSIGrtLgvgw0gKnFWcK4blSgQOuQ==

"@img/sharp-libvips-linux-x64@1.3.4":
  version "1.3.4"
  resolved "https://registry.yarnpkg.com/@img/sharp-libvips-linux-x64/-/sharp-libvips-linux-x64-1.3.4.tgz#a0de3840ae386476eb4045d6d2b056a8062c548b"
  integrity sha512-GJ//SSXbnwSDes02umB3nDJLFcQzw8a18V8fyhqr6tV515tOEMdImjjxj1AoafMRz56F3PHgftnj1QEKSU1zkw==

"@img/sharp-libvips-linuxmusl-arm64@1.3.4":
  version "1.3.4"
  resolved "https://registry.yarnpkg.com/@img/sharp-libvips-linuxmusl-arm64/-/sharp-libvips-linuxmusl-arm64-1.3.4.tgz#420f2418eaec33cef4346e43d96a7864bb3fcbb4"
  integrity sha512-hvulFwtjUcagsis6BBxHwGFwWoNZjgYmULGVrZcyfNbjA8hKILbRxGg15/7w5HDyXHXUos/j6baAWqnCyQ2DWA==

"@img/sharp-libvips-linuxmusl-x64@1.3.4":
  version "1.3.4"
  resolved "https://registry.yarnpkg.com/@img/sharp-libvips-linuxmusl-x64/-/sharp-libvips-linuxmusl-x64-1.3.4.tgz#eb5696f7fa521f5f7f3d962fd9ade41deeba6a51"
  integrity sha512-6zXKeE/p39I1AmA3cJG35eyBGNqNddLnUXjhwBnsGjFPWqf5VKkDBEqaEkPDoTEtkxwi2vv8Tcr2mDyP4So7Fg==

"@img/sharp-linux-arm64@0.35.5":
  version "0.35.5"
  resolved "https://registry.yarnpkg.com/@img/sharp-linux-arm64/-/sharp-linux-arm64-0.35.5.tgz#ffaea1b88310b5bc40de48859a7f8f01d07e5e99"
  integrity sha512-LYVx5JTsOM2CBzmxreh+nl64/3H6Xb09iSLknqH47z2T2DFFxDeFLP5y4dJwe6H7uGQlHPyEEtIqyo3DYsRwdQ==
  optionalDependencies:
    "@img/sharp-libvips-linux-arm64" "1.3.4"

"@img/sharp-linux-arm@0.35.5":
  version "0.35.5"
  resolved "https://registry.yarnpkg.com/@img/sharp-linux-arm/-/sharp-linux-arm-0.35.5.tgz#950645b8695c200bfdb3c6eccf17c32c26968c23"
  integrity sha512-LEaXK2WdXVK5ykcw0buWyPMsmLLL2vpHLD6yrNSW+JGEL3BZPA4tpKN6iaMc4AxTTAoaX/sU1rOL51lcIz48ZQ==
  optionalDependencies:
    "@img/sharp-libvips-linux-arm" "1.3.4"

"@img/sharp-linux-ppc64@0.35.5":
  version "0.35.5"
  resolved "https://registry.yarnpkg.com/@img/sharp-linux-ppc64/-/sharp-linux-ppc64-0.35.5.tgz#af60c7db090411f7af2df2bc1aa764b93b6b8add"
  integrity sha512-QVxAAq8evVRI9ia2vqgwrmWucn5Dfv+JdWzj75pD8omHLPSP7f8p20O8jxzjCcuCEQEOtYOZUmX1hkiZ0kdevA==
  optionalDependencies:
    "@img/sharp-libvips-linux-ppc64" "1.3.4"

"@img/sharp-linux-riscv64@0.35.5":
  version "0.35.5"
  resolved "https://registry.yarnpkg.com/@img/sharp-linux-riscv64/-/sharp-linux-riscv64-0.35.5.tgz#afcd42ac0592330fbf4fff5904574e0e049ba0a4"
  integrity sha512-LtdreXguaavKODPIfzJ4kffx7UNt1omwtK0rch4EBbbSTXPnxWmYSayXdLJw0fJzQ97kHt1gL/yh4tvU+nCyRQ==
  optionalDependencies:
    "@img/sharp-libvips-linux-riscv64" "1.3.4"

"@img/sharp-linux-s390x@0.35.5":
  version "0.35.5"
  resolved "https://registry.yarnpkg.com/@img/sharp-linux-s390x/-/sharp-linux-s390x-0.35.5.tgz#092e584a8f36f2f90ba98652d6f45432edea87cb"
  integrity sha512-UZasTOFiYzotTsGOCu42BfUzP6Tu6Do/947iRm1RsLKvlllxwGcn4RN27LibGWceix4Y+Pmw3jsnTcCQIgWjqA==
  optionalDependencies:
    "@img/sharp-libvips-linux-s390x" "1.3.4"

"@img/sharp-linux-x64@0.35.5":
  version "0.35.5"
  resolved "https://registry.yarnpkg.com/@img/sharp-linux-x64/-/sharp-linux-x64-0.35.5.tgz#f624f6b98c6579084b9fb363d7cb83e2315de79c"
  integrity sha512-SxFtLTeJInhAA9Q836kux2vZNeOBQEx658qvbboZScr0wIARym3IcGmW7KpVD5sbVg0Ojy+udFQdayYIZyoNog==
  optionalDependencies:
    "@img/sharp-libvips-linux-x64" "1.3.4"

"@img/sharp-linuxmusl-arm64@0.35.5":
  version "0.35.5"
  resolved "https://registry.yarnpkg.com/@img/sharp-linuxmusl-arm64/-/sharp-linuxmusl-arm64-0.35.5.tgz#92d0904211086d10bd3c929de715dd8a81fa7268"
  integrity sha512-9HbMclmI1zlNkFRs3z9/eBtDjfD0sGlrX1z6b1qwmiFY5ElDLh4BC0LPBdVp7z1DXFiKlIcznf+ZlsuZzLxQqg==
  optionalDependencies:
    "@img/sharp-libvips-linuxmusl-arm64" "1.3.4"

"@img/sharp-linuxmusl-x64@0.35.5":
  version "0.35.5"
  resolved "https://registry.yarnpkg.com/@img/sharp-linuxmusl-x64/-/sharp-linuxmusl-x64-0.35.5.tgz#1d146eab6dfcdc6429f29b032b8bc3f0180b6d80"
  integrity sha512-4KOphqB035HrVdqLZfCgMzzERrQkkzOwRhl4OAkRO1YCldbaFjySXMaK534Mo0V+LndnlJk+sbUyLeU0ULyD1A==
  optionalDependencies:
    "@img/sharp-libvips-linuxmusl-x64" "1.3.4"

"@img/sharp-wasm32@0.35.5":
  version "0.35.5"
  resolved "https://registry.yarnpkg.com/@img/sharp-wasm32/-/sharp-wasm32-0.35.5.tgz#5369559c3a4c32e08ce92b6ffba2434175a45a62"
  integrity sha512-Ptsga1su4tQx+LLF1ECS9U6nz5kmrXKo6XVbtR48Ke3ZRxxgaWBu7IDtEe1quo8hiupwm6WFqxVlXaSf7IINGQ==
  dependencies:
    "@emnapi/runtime" "^1.11.3"

"@img/sharp-webcontainers-wasm32@0.35.5":
  version "0.35.5"
  resolved "https://registry.yarnpkg.com/@img/sharp-webcontainers-wasm32/-/sharp-webcontainers-wasm32-0.35.5.tgz#3674eddf41eb85d0e92896d7da01ca00310256b9"
  integrity sha512-hfhF/FmoQyTUkA0bIKFOtw536BQSeBMe6BF6QyWlrPxT754+TFLaZ7sKKTfvvM0yJgKgaYTwnFCIZ/GuDw5SUA==
  dependencies:
    "@img/sharp-wasm32" "0.35.5"

"@img/sharp-win32-arm64@0.35.5":
  version "0.35.5"
  resolved "https://registry.yarnpkg.com/@img/sharp-win32-arm64/-/sharp-win32-arm64-0.35.5.tgz#e3c94326eb0a46ade843b84cf50a3917b79d323f"
  integrity sha512-X4t7g+7ZA5DKblCBEXGjUqqemj4vczING/5viFwAL8h4N3qYeyjwdCvRLHi4EdOUI+2Z7UFlp1VM+p/AuEtm6Q==

"@img/sharp-win32-ia32@0.35.5":
  version "0.35.5"
  resolved "https://registry.yarnpkg.com/@img/sharp-win32-ia32/-/sharp-win32-ia32-0.35.5.tgz#cc5dac453dc3500aac2e63f182b952af0d437bc1"
  integrity sha512-5Zm82LoBc43nhwNybZlG7Y1KO//Zhsn306fQl29ZOuStHLGTo3BWL83q3cznX0poxSAMuYL1On/BHBxkBeKr6A==

"@img/sharp-win32-x64@0.35.5":
  version "0.35.5"
  resolved "https://registry.yarnpkg.com/@img/sharp-win32-x64/-/sharp-win32-x64-0.35.5.tgz#1785356b8cb396e58430e03865281280acb818b1"
  integrity sha512-x76eH0vEiHlcMQu8Y8IenntaACtddpT6W0wmXtWrnKcnKI7ME5DdgqhAD6SEWOEl1v2zDvkZDhFA9KnURwpfqg==

"@next/env@16.3.6":
  version "16.3.6"
  resolved "https://registry.yarnpkg.com/@next/env/-/env-16.3.6.tgz#47d93ed498a55f7db8bb309eeab0b5964b7964d6"
  integrity sha512-x9Vblze1EbtltQYnNH38xCPWU3TVfBd1eXqA3+w9+BTpedkkdNpAaltXlGQ/nsc1+E0mVTNrtcbX3GoO09zeLQ==

"@next/swc-darwin-arm64@16.3.6":
  version "16.3.6"
  resolved "https://registry.yarnpkg.com/@next/swc-darwin-arm64/-/swc-darwin-arm64-16.3.6.tgz#e92a4bfae82e0e0d2056a31806af16b7cd9b38bc"
  integrity sha512-E/7GEqaUkt8mk/T8v9lAnrhzR06kdq1ZBkC12F8tAMkdIadwNp3H1KqHynDHrpcTlGCUdq/qu6vUL2aYVyYBdw==

"@next/swc-darwin-x64@16.3.6":
  version "16.3.6"
  resolved "https://registry.yarnpkg.com/@next/swc-darwin-x64/-/swc-darwin-x64-16.3.6.tgz#0feec7995215c85bd18df527983836897757ff80"
  integrity sha512-yBE893/nDWTlaiBD1p+qgt7NUen4U5R6FXyH0s67Npq1S3E0cVSef1WIXC2xBRgQvwAvJq6DnS6Y6PrY0cy4Ew==

"@next/swc-linux-arm64-gnu@16.3.6":
  version "16.3.6"
  resolved "https://registry.yarnpkg.com/@next/swc-linux-arm64-gnu/-/swc-linux-arm64-gnu-16.3.6.tgz#f4a27ea38008e47ef670bacd4b4e92d0789209c2"
  integrity sha512-KJDpjBqBPYlvkivmyrp+Qys6k/7ksbqGQvRVc6ZEGfR+cjQxx+nUkJaWmNZJsmoOrqYNbaXByF8wa0lBwDhB3Q==

"@next/swc-linux-arm64-musl@16.3.6":
  version "16.3.6"
  resolved "https://registry.yarnpkg.com/@next/swc-linux-arm64-musl/-/swc-linux-arm64-musl-16.3.6.tgz#1b2dbad64636efdb49e574d8234526129e3b2a34"
  integrity sha512-mqNg2K+hvWskSRb/QM+Ix412DvBsuSF0XV+frTSw5vmoucNnIlynFwKYew8D01bfATErMOM7Bujrf0BA5DRKFA==

"@next/swc-linux-x64-gnu@16.3.6":
  version "16.3.6"
  resolved "https://registry.yarnpkg.com/@next/swc-linux-x64-gnu/-/swc-linux-x64-gnu-16.3.6.tgz#783f3fdf6e9f2bdf9d3f58e12cbed938c862c617"
  integrity sha512-nFncBNGAYouRHjRVaITs9beZRfhX4ssVwpnvPIAbkZVH6LtGoAVlH4bJ8Cnf9SOo9bsXgPFer/GdHtEE3JNOkw==

"@next/swc-linux-x64-musl@16.3.6":
  version "16.3.6"
  resolved "https://registry.yarnpkg.com/@next/swc-linux-x64-musl/-/swc-linux-x64-musl-16.3.6.tgz#c19df8320300d80bb5dc1b503796ec4e7d2f15f8"
  integrity sha512-5Mf3cHDGR/Iz0ng2Bj3zUR3p5QS9YK3Hn2QiAfavFmyF48zwThAjpFoiTKNIcOHLYS4zEk+gzyJ/9deQ2ZB8yQ==

"@next/swc-win32-arm64-msvc@16.3.6":
  version "16.3.6"
  resolved "https://registry.yarnpkg.com/@next/swc-win32-arm64-msvc/-/swc-win32-arm64-msvc-16.3.6.tgz#1e4e70b213f1d49223f5eb8aa0490b9fc615e807"
  integrity sha512-0jkJy0C2kbrJWTk4YLa3xk80pVBpx8FCHJym7CnUfDAXe/FWv5qT7SQJbR0KuemyxaEDlEx5WT4VQJoTW+/9Qw==

"@next/swc-win32-x64-msvc@16.3.6":
  version "16.3.6"
  resolved "https://registry.yarnpkg.com/@next/swc-win32-x64-msvc/-/swc-win32-x64-msvc-16.3.6.tgz#d7b84132a78b38792223b810e3fa0b20c980d895"
  integrity sha512-/YXjI1e5OXcZ7YpxRwgP/1jAV/SBKTzeVKqN2mk7mLpcICsyn3Gl5+dIfDTJp70M0ccMhyMMRso4v6mPDCGepg==

"@swc/helpers@0.5.23":
  version "0.5.23"
  resolved "https://registry.yarnpkg.com/@swc/helpers/-/helpers-0.5.23.tgz#19287d0d86d962b111376039a50c792902c9a86a"
  integrity sha512-5lSsMOTXURePglDfvuAQUqkGek9Hg2kksOYay2m0+XR++b2NWYL/4sWyuvVBIs8oKnJaxkdi9whaL/sqN13afw==
  dependencies:
    tslib "^2.8.0"

add-line-numbers@^1.0.1:
  version "1.0.1"
  resolved "https://registry.yarnpkg.com/add-line-numbers/-/add-line-numbers-1.0.1.tgz#48dbbdea47dbd234deafeac6c93cea6f70b4b7e3"
  integrity sha512-w+2a1malCvWwACQFBpZ5/uwmHGaGYT+aGIxA8ONF5vlhe6X/gD3eR8qVoLWa+5nnWAOq2LuPbrqDYqj1pn0WMg==
  dependencies:
    pad-left "^1.0.2"

atob-lite@^1.0.0:
  version "1.0.0"
  resolved "https://registry.yarnpkg.com/atob-lite/-/atob-lite-1.0.0.tgz#b88dca6006922b962094f7556826bab31c4a296b"
  integrity sha512-ArXcmHR/vwSN37HLVap/Y5SKpz12CuEybxe1sIYl7th/S6SQPrVMNFt6rblJzCOAxn0SHbXpknUtqbAIeo3Aow==

baseline-browser-mapping@^2.9.19:
  version "2.11.27"
  resolved "https://registry.yarnpkg.com/baseline-browser-mapping/-/baseline-browser-mapping-2.11.27.tgz#9bb9242d87ab1cdc9e35607148791e20e4398b20"
  integrity sha512-ElY12DaROGuan+lMmZ8Cvo/ZUbXPe7Enc/9VU/b1T3Kp4dwytRcNdR8DoSJN5SNJT/CuvcCA0DHDVmMOCePdRQ==

bit-twiddle@^1.0.0:
  version "1.0.2"
  resolved "https://registry.yarnpkg.com/bit-twiddle/-/bit-twiddle-1.0.2.tgz#0c6c1fabe2b23d17173d9a61b7b7093eb9e1769e"
  integrity sha512-B9UhK0DKFZhoTFcfvAzhqsjStvGJp9vYWf3+6SNTtdSQnvIgfkHbgHrg/e4+TH71N2GDu8tpmCVoyfrL1d7ntA==

caniuse-lite@^1.0.30001579:
  version "1.0.30001780"
  resolved "https://registry.yarnpkg.com/caniuse-lite/-/caniuse-lite-1.0.30001780.tgz#0e413de292808868a62ed9118822683fa120a110"
  integrity sha512-llngX0E7nQci5BPJDqoZSbuZ5Bcs9F5db7EtgfwBerX9XGtkkiO4NwfDDIRzHTTwcYC8vC7bmeUEPGrKlR/TkQ==

client-only@0.0.1:
  version "0.0.1"
  resolved "https://registry.yarnpkg.com/client-only/-/client-only-0.0.1.tgz#38bba5d403c41ab150bff64a95c85013cf73bca1"
  integrity sha512-IV3Ou0jSMzZrd3pZ48nLkT9DA7Ag1pnPzaiQhpW7c3RbcqqzvzzVu+L8gfqMp/8IM2MQtSiqaCxrrcfu8I8rMA==

core-util-is@~1.0.0:
  version "1.0.3"
  resolved "https://registry.yarnpkg.com/core-util-is/-/core-util-is-1.0.3.tgz#a6042d3634c2b27e9328f837b965fac83808db85"
  integrity sha512-ZQBvi1DcpJ4GDqanjucZ2Hj3wEO5pZDS89BWbkcrvdxksJorwUDDZamX9ldFkp9aw2lmBDLgkObEA4DWNJ9FYQ==

cwise-compiler@^1.0.0:
  version "1.1.3"
  resolved "https://registry.yarnpkg.com/cwise-compiler/-/cwise-compiler-1.1.3.tgz#f4d667410e850d3a313a7d2db7b1e505bb034cc5"
  integrity sha512-WXlK/m+Di8DMMcCjcWr4i+XzcQra9eCdXIJrgh4TUgh0pIS/yJduLxS9JgefsHJ/YVLdgPtXm9r62W92MvanEQ==
  dependencies:
    uniq "^1.0.0"

detect-libc@^2.1.2:
  version "2.1.2"
  resolved "https://registry.yarnpkg.com/detect-libc/-/detect-libc-2.1.2.tgz#689c5dcdc1900ef5583a4cb9f6d7b473742074ad"
  integrity sha512-Btj2BOOO83o3WyH59e8MgXsxEQVcarkUOpEYrubB0urwnN10yQ364rsiByU11nZlqWYZm05i/of7io4mzihBtQ==

dup@^1.0.0:
  version "1.0.0"
  resolved "https://registry.yarnpkg.com/dup/-/dup-1.0.0.tgz#51fc5ac685f8196469df0b905e934b20af5b4029"
  integrity sha512-Bz5jxMMC0wgp23Zm15ip1x8IhYRqJvF3nFC0UInJUDkN1z4uNPk9jTnfCUJXbOGiQ1JbXLQsiV41Fb+HXcj5BA==

gl-constants@^1.0.0:
  version "1.0.0"
  resolved "https://registry.yarnpkg.com/gl-constants/-/gl-constants-1.0.0.tgz#597a504e364750ff50253aa35f8dea7af4a5d233"
  integrity sha1-WXpQTjZHUP9QJTqjX43qevSl0jM=

gl-format-compiler-error@^1.0.2:
  version "1.0.3"
  resolved "https://registry.yarnpkg.com/gl-format-compiler-error/-/gl-format-compiler-error-1.0.3.tgz#0c79b1751899ce9732e86240f090aa41e98471a8"
  integrity sha1-DHmxdRiZzpcy6GJA8JCqQemEcag=
  dependencies:
    add-line-numbers "^1.0.1"
    gl-constants "^1.0.0"
    glsl-shader-name "^1.0.0"
    sprintf-js "^1.0.3"

gl-react-dom@6.0.0:
  version "6.0.0"
  resolved "https://registry.yarnpkg.com/gl-react-dom/-/gl-react-dom-6.0.0.tgz#01ba6d1aafde28bb8b392817b3360993bbe8cfa2"
  integrity sha512-AwaIPEVPUxHmBQhk5u4aZiU654PpMk7Wlj9oWc3hI2ETvhQ1aBv1sFjQKqE4u8DztbQwPTnQLoXW3mNocsebgQ==
  dependencies:
    invariant "^2.2.4"
    prop-types "^15.7.2"
    raf "^3.4.1"
    webgltexture-loader-dom "2.1.2"

gl-react@6.0.0:
  version "6.0.0"
  resolved "https://registry.yarnpkg.com/gl-react/-/gl-react-6.0.0.tgz#89fd83ae362eb723a504eed21732d1bcf2205f8d"
  integrity sha512-7uC+nVPr4D23gpu4hPJO/0sA8PR2Nl9Ndsecu6tnI4NEvW3Ot69m9w5+NNTrJveqoNTrxmLuveVYoQWVNnf3bg==
  dependencies:
    gl-shader "^4.3.1"
    invariant "^2.2.4"
    ndarray "^1.0.19"
    prop-types "^15.7.2"
    typedarray-pool "^1.2.0"
    webgltexture-loader "2.1.2"
    webgltexture-loader-ndarray "2.1.2"

gl-shader@^4.3.1:
  version "4.3.1"
  resolved "https://registry.yarnpkg.com/gl-shader/-/gl-shader-4.3.1.tgz#56094cf3c06e802ac6c286b3b2166abce901d882"
  integrity sha512-xLoN6XtRLlg97SEqtuzfKc+pVWpVkQ3YjDI1kuCale8tF7+zMhiKlMfmG4IMQPMdKJZQbIc/Ny8ZusEpfh5U+w==
  dependencies:
    gl-format-compiler-error "^1.0.2"
    weakmap-shim "^1.1.0"

glsl-shader-name@^1.0.0:
  version "1.0.0"
  resolved "https://registry.yarnpkg.com/glsl-shader-name/-/glsl-shader-name-1.0.0.tgz#a2c30b3ba73499befb0cc7184d7c7733dd4b487d"
  integrity sha1-osMLO6c0mb77DMcYTXx3M91LSH0=
  dependencies:
    atob-lite "^1.0.0"
    glsl-tokenizer "^2.0.2"

glsl-tokenizer@^2.0.2:
  version "2.1.5"
  resolved "https://registry.yarnpkg.com/glsl-tokenizer/-/glsl-tokenizer-2.1.5.tgz#1c2e78c16589933c274ba278d0a63b370c5fee1a"
  integrity sha512-XSZEJ/i4dmz3Pmbnpsy3cKh7cotvFlBiZnDOwnj/05EwNp2XrhQ4XKJxT7/pDt4kp4YcpRSKz8eTV7S+mwV6MA==
  dependencies:
    through2 "^0.6.3"

inherits@~2.0.1:
  version "2.0.4"
  resolved "https://registry.yarnpkg.com/inherits/-/inherits-2.0.4.tgz#0fa2c64f932917c3433a0ded55363aae37416b7c"
  integrity sha512-k/vGaX4/Yla3WzyMCvTQOXYeIHvqOKtnqBduzTHpzpQZzAskKMhZ2K+EnBiSM9zGSoIFeMpXKxa4dYeZIQqewQ==

invariant@^2.2.4:
  version "2.2.4"
  resolved "https://registry.yarnpkg.com/invariant/-/invariant-2.2.4.tgz#610f3c92c9359ce1db616e538008d23ff35158e6"
  integrity sha512-phJfQVBuaJM5raOpJjSfkiD6BpbCE4Ns//LaXl6wGYtUBY83nWS6Rf9tXm2e8VaK60JEjYldbPif/A2B1C2gNA==
  dependencies:
    loose-envify "^1.0.0"

iota-array@^1.0.0:
  version "1.0.0"
  resolved "https://registry.yarnpkg.com/iota-array/-/iota-array-1.0.0.tgz#81ef57fe5d05814cd58c2483632a99c30a0e8087"
  integrity sha1-ge9X/l0FgUzVjCSDYyqZwwoOgIc=

is-buffer@^1.0.2:
  version "1.1.6"
  resolved "https://registry.yarnpkg.com/is-buffer/-/is-buffer-1.1.6.tgz#efaa2ea9daa0d7ab2ea13a97b2b8ad51fefbe8be"
  integrity sha512-NcdALwpXkTm5Zvvbk7owOUSvVvBKDgKP5/ewfXEznmQFfs4ZRmanOeKBTjRVjka3QFoN6XJ+9F3USqfHqTaU5w==

isarray@0.0.1:
  version "0.0.1"
  resolved "https://registry.yarnpkg.com/isarray/-/isarray-0.0.1.tgz#8a18acfca9a8f4177e09abfc6038939b05d1eedf"
  integrity sha1-ihis/Kmo9Bd+Cav8YDiTmwXR7t8=

"js-tokens@^3.0.0 || ^4.0.0":
  version "4.0.0"
  resolved "https://registry.yarnpkg.com/js-tokens/-/js-tokens-4.0.0.tgz#19203fb59991df98e3a287050d4647cdeaf32499"
  integrity sha512-RdJUflcE3cUzKiMqQgsCu06FPu9UdIJO0beYbPhHN4k6apgJtifcoCtT9bcxOpYBtpD2kCM6Sbzg4CausW/PKQ==

loose-envify@^1.0.0, loose-envify@^1.1.0, loose-envify@^1.4.0:
  version "1.4.0"
  resolved "https://registry.yarnpkg.com/loose-envify/-/loose-envify-1.4.0.tgz#71ee51fa7be4caec1a63839f7e682d8132d30caf"
  integrity sha512-lyuxPGr/Wfhrlem2CL/UcnUc1zcqKAImBDzukY7Y5F/yQiNdko6+fRLevlw1HgMySw7f611UIY408EtxRSoK3Q==
  dependencies:
    js-tokens "^3.0.0 || ^4.0.0"

nanoid@^3.3.12:
  version "3.3.18"
  resolved "https://registry.yarnpkg.com/nanoid/-/nanoid-3.3.18.tgz#f66a2de1199ffde0fcf21c8a5f13106b1c081913"
  integrity sha512-DTg4MJbGMWkfi6VZFdNt2/caMbQy4Ou+Op/hJQvGEWcnVfoA1QA+xzRKAzw9jD6+GVOOeYr/mIcuDSdug6F6+w==

ndarray-ops@^1.2.2:
  version "1.2.2"
  resolved "https://registry.yarnpkg.com/ndarray-ops/-/ndarray-ops-1.2.2.tgz#59e88d2c32a7eebcb1bc690fae141579557a614e"
  integrity sha1-WeiNLDKn7ryxvGkPrhQVeVV6YU4=
  dependencies:
    cwise-compiler "^1.0.0"

ndarray@^1.0.19:
  version "1.0.19"
  resolved "https://registry.yarnpkg.com/ndarray/-/ndarray-1.0.19.tgz#6785b5f5dfa58b83e31ae5b2a058cfd1ab3f694e"
  integrity sha512-B4JHA4vdyZU30ELBw3g7/p9bZupyew5a7tX1Y/gGeF2hafrPaQZhgrGQfsvgfYbgdFZjYwuEcnaobeM/WMW+HQ==
  dependencies:
    iota-array "^1.0.0"
    is-buffer "^1.0.2"

next@16.3.6:
  version "16.3.6"
  resolved "https://registry.yarnpkg.com/next/-/next-16.3.6.tgz#29a6cecb103bd2642a0ce322e68ecdb38a0f0af5"
  integrity sha512-L+otWM/aQbYTx98aZhgEoMb4bZAXx1YVW4UMA/vuCyCoWG5HJyZUili8QAkqzrcC+5///tsz3s0M+SlyB5bLMw==
  dependencies:
    "@next/env" "16.3.6"
    "@swc/helpers" "0.5.23"
    baseline-browser-mapping "^2.9.19"
    caniuse-lite "^1.0.30001579"
    postcss "8.5.23"
    styled-jsx "5.1.6"
  optionalDependencies:
    "@next/swc-darwin-arm64" "16.3.6"
    "@next/swc-darwin-x64" "16.3.6"
    "@next/swc-linux-arm64-gnu" "16.3.6"
    "@next/swc-linux-arm64-musl" "16.3.6"
    "@next/swc-linux-x64-gnu" "16.3.6"
    "@next/swc-linux-x64-musl" "16.3.6"
    "@next/swc-win32-arm64-msvc" "16.3.6"
    "@next/swc-win32-x64-msvc" "16.3.6"
    sharp "^0.35.4"

object-assign@^4.1.1:
  version "4.1.1"
  resolved "https://registry.yarnpkg.com/object-assign/-/object-assign-4.1.1.tgz#2109adc7965887cfc05cbbd442cac8bfbb360863"
  integrity sha1-IQmtx5ZYh8/AXLvUQsrIv7s2CGM=

pad-left@^1.0.2:
  version "1.0.2"
  resolved "https://registry.yarnpkg.com/pad-left/-/pad-left-1.0.2.tgz#19e5735ea98395a26cedc6ab926ead10f3100d4c"
  integrity sha1-GeVzXqmDlaJs7carkm6tEPMQDUw=
  dependencies:
    repeat-string "^1.3.0"

performance-now@^2.1.0:
  version "2.1.0"
  resolved "https://registry.yarnpkg.com/performance-now/-/performance-now-2.1.0.tgz#6309f4e0e5fa913ec1c69307ae364b4b377c9e7b"
  integrity sha1-Ywn04OX6kT7BxpMHrjZLSzd8nns=

picocolors@^1.1.1:
  version "1.1.1"
  resolved "https://registry.yarnpkg.com/picocolors/-/picocolors-1.1.1.tgz#3d321af3eab939b083c8f929a1d12cda81c26b6b"
  integrity sha512-xceH2snhtb5M9liqDsmEw56le376mTZkEX/jEb/RxNFyegNul7eNslCXP9FDj/Lcu0X8KEyMceP2ntpaHrDEVA==

postcss@8.5.23, postcss@^8.5.10:
  version "8.5.15"
  resolved "https://registry.yarnpkg.com/postcss/-/postcss-8.5.15.tgz#d1eaf677a324e9ec02196da2d3fecf4a0b9a735c"
  integrity sha512-FfR8sjd4em2T6fb3I2MwAJU7HWVMr9zba+enmQeeWFfCbm+UOC/0X4DS8XtpUTMwWMGbjKYP7xjfNekzyGmB3A==
  dependencies:
    nanoid "^3.3.12"
    picocolors "^1.1.1"
    source-map-js "^1.2.1"

prop-types@^15.7.2:
  version "15.8.1"
  resolved "https://registry.yarnpkg.com/prop-types/-/prop-types-15.8.1.tgz#67d87bf1a694f48435cf332c24af10214a3140b5"
  integrity sha512-oj87CgZICdulUohogVAR7AjlC0327U4el4L6eAvOqCeudMDVU0NThNaV+b9Df4dXgSP1gXMTnPdhfe/2qDH5cg==
  dependencies:
    loose-envify "^1.4.0"
    object-assign "^4.1.1"
    react-is "^16.13.1"

raf@^3.4.1:
  version "3.4.1"
  resolved "https://registry.yarnpkg.com/raf/-/raf-3.4.1.tgz#0742e99a4a6552f445d73e3ee0328af0ff1ede39"
  integrity sha512-Sq4CW4QhwOHE8ucn6J34MqtZCeWFP2aQSmrlroYgqAV1PjStIhJXxYuTgUIfkEk7zTLjmIjLmU5q+fbD1NnOJA==
  dependencies:
    performance-now "^2.1.0"

react-dom@18.3.1:
  version "18.3.1"
  resolved "https://registry.yarnpkg.com/react-dom/-/react-dom-18.3.1.tgz#c2265d79511b57d479b3dd3fdfa51536494c5cb4"
  integrity sha512-5m4nQKp+rZRb09LNH59GM4BxTh9251/ylbKIbpe7TpGxfJ+9kv6BLkLBXIjjspbgbnIBNqlI23tRnTWT0snUIw==
  dependencies:
    loose-envify "^1.1.0"
    scheduler "^0.23.2"

react-is@^16.13.1:
  version "16.13.1"
  resolved "https://registry.yarnpkg.com/react-is/-/react-is-16.13.1.tgz#789729a4dc36de2999dc156dd6c1d9c18cea56a4"
  integrity sha512-24e6ynE2H+OKt4kqsOvNd8kBpV65zoxbA4BVsEOB3ARVWQki/DHzaUoC5KuON/BiccDaCCTZBuOcfZs70kR8bQ==

react@18.3.1:
  version "18.3.1"
  resolved "https://registry.yarnpkg.com/react/-/react-18.3.1.tgz#49ab892009c53933625bd16b2533fc754cab2891"
  integrity sha512-wS+hAgJShR0KhEvPJArfuPVN1+Hz1t0Y6n5jLrGQbkb4urgPE/0Rve+1kMB1v/oWgHgm4WIcV+i7F2pTVj+2iQ==
  dependencies:
    loose-envify "^1.1.0"

"readable-stream@>=1.0.33-1 <1.1.0-0":
  version "1.0.34"
  resolved "https://registry.yarnpkg.com/readable-stream/-/readable-stream-1.0.34.tgz#125820e34bc842d2f2aaafafe4c2916ee32c157c"
  integrity sha1-Elgg40vIQtLyqq+v5MKRbuMsFXw=
  dependencies:
    core-util-is "~1.0.0"
    inherits "~2.0.1"
    isarray "0.0.1"
    string_decoder "~0.10.x"

repeat-string@^1.3.0:
  version "1.6.1"
  resolved "https://registry.yarnpkg.com/repeat-string/-/repeat-string-1.6.1.tgz#8dcae470e1c88abc2d600fff4a776286da75e637"
  integrity sha1-jcrkcOHIirwtYA//Sndihtp15jc=

scheduler@^0.23.2:
  version "0.23.2"
  resolved "https://registry.yarnpkg.com/scheduler/-/scheduler-0.23.2.tgz#414ba64a3b282892e944cf2108ecc078d115cdc3"
  integrity sha512-UOShsPwz7NrMUqhR6t0hWjFduvOzbtv7toDH1/hIrfRNIDBnnBWd0CwJTGvTpngVlmwGCdP9/Zl/tVrDqcuYzQ==
  dependencies:
    loose-envify "^1.1.0"

semver@^7.8.5:
  version "7.8.5"
  resolved "https://registry.yarnpkg.com/semver/-/semver-7.8.5.tgz#39b646037dd50c14fb451e7e4cac58ed8b863f69"
  integrity sha512-Y7/KDsb8LjooZpwaqGyulO6DQlksgCncchHGk+sZIY4SBvUocMBEFH5Ur1fI4dV+Jvl0w6cjvucaIi40puRioA==

sharp@^0.35.4:
  version "0.35.5"
  resolved "https://registry.yarnpkg.com/sharp/-/sharp-0.35.5.tgz#43fb539872ec5f53cc7162eb850dbf6514692fbf"
  integrity sha512-Ywn4OnzGukp7CDMrp08RQ50YKmuwG47brZgIVPTvBaaAfQlRlygrRqSrxdCiL9M+LlzLBiJ68IR1QqvzHyjC7g==
  dependencies:
    "@img/colour" "^1.1.0"
    detect-libc "^2.1.2"
    semver "^7.8.5"
  optionalDependencies:
    "@img/sharp-darwin-arm64" "0.35.5"
    "@img/sharp-darwin-x64" "0.35.5"
    "@img/sharp-freebsd-wasm32" "0.35.5"
    "@img/sharp-libvips-darwin-arm64" "1.3.4"
    "@img/sharp-libvips-darwin-x64" "1.3.4"
    "@img/sharp-libvips-linux-arm" "1.3.4"
    "@img/sharp-libvips-linux-arm64" "1.3.4"
    "@img/sharp-libvips-linux-ppc64" "1.3.4"
    "@img/sharp-libvips-linux-riscv64" "1.3.4"
    "@img/sharp-libvips-linux-s390x" "1.3.4"
    "@img/sharp-libvips-linux-x64" "1.3.4"
    "@img/sharp-libvips-linuxmusl-arm64" "1.3.4"
    "@img/sharp-libvips-linuxmusl-x64" "1.3.4"
    "@img/sharp-linux-arm" "0.35.5"
    "@img/sharp-linux-arm64" "0.35.5"
    "@img/sharp-linux-ppc64" "0.35.5"
    "@img/sharp-linux-riscv64" "0.35.5"
    "@img/sharp-linux-s390x" "0.35.5"
    "@img/sharp-linux-x64" "0.35.5"
    "@img/sharp-linuxmusl-arm64" "0.35.5"
    "@img/sharp-linuxmusl-x64" "0.35.5"
    "@img/sharp-webcontainers-wasm32" "0.35.5"
    "@img/sharp-win32-arm64" "0.35.5"
    "@img/sharp-win32-ia32" "0.35.5"
    "@img/sharp-win32-x64" "0.35.5"

source-map-js@^1.2.1:
  version "1.2.1"
  resolved "https://registry.yarnpkg.com/source-map-js/-/source-map-js-1.2.1.tgz#1ce5650fddd87abc099eda37dcff024c2667ae46"
  integrity sha512-UXWMKhLOwVKb728IUtQPXxfYU+usdybtUrK/8uGE8CQMvrhOpwvzDBwj0QhSL7MQc7vIsISBG8VQ8+IDQxpfQA==

sprintf-js@^1.0.3:
  version "1.1.2"
  resolved "https://registry.yarnpkg.com/sprintf-js/-/sprintf-js-1.1.2.tgz#da1765262bf8c0f571749f2ad6c26300207ae673"
  integrity sha512-VE0SOVEHCk7Qc8ulkWw3ntAzXuqf7S2lvwQaDLRnUeIEaKNQJzV6BwmLKhOqT61aGhfUMrXeaBk+oDGCzvhcug==

string_decoder@~0.10.x:
  version "0.10.31"
  resolved "https://registry.yarnpkg.com/string_decoder/-/string_decoder-0.10.31.tgz#62e203bc41766c6c28c9fc84301dab1c5310fa94"
  integrity sha1-YuIDvEF2bGwoyfyEMB2rHFMQ+pQ=

styled-jsx@5.1.6:
  version "5.1.6"
  resolved "https://registry.yarnpkg.com/styled-jsx/-/styled-jsx-5.1.6.tgz#83b90c077e6c6a80f7f5e8781d0f311b2fe41499"
  integrity sha512-qSVyDTeMotdvQYoHWLNGwRFJHC+i+ZvdBRYosOFgC+Wg1vx4frN2/RG/NA7SYqqvKNLf39P2LSRA2pu6n0XYZA==
  dependencies:
    client-only "0.0.1"

through2@^0.6.3:
  version "0.6.5"
  resolved "https://registry.yarnpkg.com/through2/-/through2-0.6.5.tgz#41ab9c67b29d57209071410e1d7a7a968cd3ad48"
  integrity sha1-QaucZ7KdVyCQcUEOHXp6lozTrUg=
  dependencies:
    readable-stream ">=1.0.33-1 <1.1.0-0"
    xtend ">=4.0.0 <4.1.0-0"

tslib@^2.4.0, tslib@^2.8.0:
  version "2.8.1"
  resolved "https://registry.yarnpkg.com/tslib/-/tslib-2.8.1.tgz#612efe4ed235d567e8aba5f2a5fab70280ade83f"
  integrity sha512-oJFu94HQb+KVduSUQL7wnpmqnfmLsOA/nAh6b6EH0wCEoK0/mPeXU6c3wKDV83MkOuHPRHtSXKKU99IBazS/2w==

typedarray-pool@^1.2.0:
  version "1.2.0"
  resolved "https://registry.yarnpkg.com/typedarray-pool/-/typedarray-pool-1.2.0.tgz#e7e90720144ba02b9ed660438af6f3aacfe33ac3"
  integrity sha512-YTSQbzX43yvtpfRtIDAYygoYtgT+Rpjuxy9iOpczrjpXLgGoyG7aS5USJXV2d3nn8uHTeb9rXDvzS27zUg5KYQ==
  dependencies:
    bit-twiddle "^1.0.0"
    dup "^1.0.0"

uniq@^1.0.0:
  version "1.0.1"
  resolved "https://registry.yarnpkg.com/uniq/-/uniq-1.0.1.tgz#b31c5ae8254844a3a8281541ce2b04b865a734ff"
  integrity sha1-sxxa6CVIRKOoKBVBzisEuGWnNP8=

weakmap-shim@^1.1.0:
  version "1.1.1"
  resolved "https://registry.yarnpkg.com/weakmap-shim/-/weakmap-shim-1.1.1.tgz#d65afd784109b2166e00ff571c33150ec2a40b49"
  integrity sha1-1lr9eEEJshZuAP9XHDMVDsKkC0k=

webgltexture-loader-dom-canvas@^2.1.2:
  version "2.1.2"
  resolved "https://registry.yarnpkg.com/webgltexture-loader-dom-canvas/-/webgltexture-loader-dom-canvas-2.1.2.tgz#0e8224a0e203ceca0fe0ff0f1ac4a0b3d3bc554a"
  integrity sha512-5lT5dfZ9G7Ctz6ZeWGPrhkr8Ju13RfoYyeLNgZGsFI1bS1p6mO8BHm8YXoLbyUE9HzOteSbmcgguJyyrvEoQiw==
  dependencies:
    webgltexture-loader "^2.1.2"

webgltexture-loader-dom-image-url@^2.1.2:
  version "2.1.2"
  resolved "https://registry.yarnpkg.com/webgltexture-loader-dom-image-url/-/webgltexture-loader-dom-image-url-2.1.2.tgz#a230a639939468d2a72ccc3b1ea752e61fdd74a3"
  integrity sha512-c/MmJ1x/0jcUzdkZ4cjUBBKzGHMqDAGsAA7R1DlskLJIUIOG6V8485URx1r0Sx/htKnDpv84i3U/g8eyFaP59w==
  dependencies:
    webgltexture-loader "^2.1.2"

webgltexture-loader-dom-video@^2.1.2:
  version "2.1.2"
  resolved "https://registry.yarnpkg.com/webgltexture-loader-dom-video/-/webgltexture-loader-dom-video-2.1.2.tgz#5c433847b28b5b0d5ef1b7ca623713a58e436ddf"
  integrity sha512-TkNN82qh77bC2Q1U0L1zbdgYgab/f1ztJfVmf6sYvGQ3ZGBBSq+oIkeClC6ee2PDy/jPhqwTiweewzMGQ8En4w==
  dependencies:
    webgltexture-loader "^2.1.2"

webgltexture-loader-dom@2.1.2:
  version "2.1.2"
  resolved "https://registry.yarnpkg.com/webgltexture-loader-dom/-/webgltexture-loader-dom-2.1.2.tgz#9e7811afea1864674c0e5a6b9531905c44ad3b36"
  integrity sha512-fqIQvgTaf6m7PgbwF3ptrzkW10nTQXZDM9fmtlZ05G/DISGDolfNvo9XLZjruty8yuO7CPlj7e6EWjKOYLJp5g==
  dependencies:
    webgltexture-loader-dom-canvas "^2.1.2"
    webgltexture-loader-dom-image-url "^2.1.2"
    webgltexture-loader-dom-video "^2.1.2"

webgltexture-loader-ndarray@2.1.2:
  version "2.1.2"
  resolved "https://registry.yarnpkg.com/webgltexture-loader-ndarray/-/webgltexture-loader-ndarray-2.1.2.tgz#eee4357d0466a567c58d7ad737a26fc19ad73f9a"
  integrity sha512-/+6DRQfjd/4JQfx8FbZvPNMAaZ6cmEb95uZ6//9qNireJh8wZxDQUxzsMOy22AzW3ZglblIK1TaTaRNpQ5GTkQ==
  dependencies:
    ndarray "^1.0.19"
    ndarray-ops "^1.2.2"
    typedarray-pool "^1.2.0"
    webgltexture-loader "^2.1.2"

webgltexture-loader@2.1.2, webgltexture-loader@^2.1.2:
  version "2.1.2"
  resolved "https://registry.yarnpkg.com/webgltexture-loader/-/webgltexture-loader-2.1.2.tgz#b3907c3b98e47edda419e727090d41a7d569c89c"
  integrity sha512-maQ8zr/5PjZ7QPiuhlk+lEUc6gw/7I86Y1zV/mnLj65XGuFazUJahJO3Bm1YIUgFQj+4pHgpt9+xCT9hPlP0pA==

"xtend@>=4.0.0 <4.1.0-0":
  version "4.0.2"
  resolved "https://registry.yarnpkg.com/xtend/-/xtend-4.0.2.tgz#bb72779f5fa465186b1f438f674fa347fdb5db54"
  integrity sha512-LKYU1iAXJXUgAXn9URjiu+MWhyUXHsvfp7mcuYm9dSUKK0/CjtrUwFAxD82/mCWbtLsGjFIad0wIsod4zrTAEQ==
