# THIS IS AN AUTOGENERATED FILE. DO NOT EDIT THIS FILE DIRECTLY.
# yarn lockfile v1


add-line-numbers@^1.0.1:
  version "1.0.1"
  resolved "https://registry.yarnpkg.com/add-line-numbers/-/add-line-numbers-1.0.1.tgz#48dbbdea47dbd234deafeac6c93cea6f70b4b7e3"
  dependencies:
    pad-left "^1.0.2"

atob-lite@^1.0.0:
  version "1.0.0"
  resolved "https://registry.yarnpkg.com/atob-lite/-/atob-lite-1.0.0.tgz#b88dca6006922b962094f7556826bab31c4a296b"

bit-twiddle@^1.0.0:
  version "1.0.2"
  resolved "https://registry.yarnpkg.com/bit-twiddle/-/bit-twiddle-1.0.2.tgz#0c6c1fabe2b23d17173d9a61b7b7093eb9e1769e"

core-util-is@~1.0.0:
  version "1.0.2"
  resolved "https://registry.yarnpkg.com/core-util-is/-/core-util-is-1.0.2.tgz#b5fd54220aa2bc5ab57aab7140c940754503c1a7"

cwise-compiler@^1.0.0:
  version "1.1.2"
  resolved "https://registry.yarnpkg.com/cwise-compiler/-/cwise-compiler-1.1.2.tgz#3bcbfd063bd1d69d25b3eebfc56df0de15d4c9d0"
  dependencies:
    uniq "^1.0.0"

dup@^1.0.0:
  version "1.0.0"
  resolved "https://registry.yarnpkg.com/dup/-/dup-1.0.0.tgz#51fc5ac685f8196469df0b905e934b20af5b4029"

gl-constants@^1.0.0:
  version "1.0.0"
  resolved "https://registry.yarnpkg.com/gl-constants/-/gl-constants-1.0.0.tgz#597a504e364750ff50253aa35f8dea7af4a5d233"

gl-format-compiler-error@^1.0.2:
  version "1.0.2"
  resolved "https://registry.yarnpkg.com/gl-format-compiler-error/-/gl-format-compiler-error-1.0.2.tgz#34397d2ae613e2d83a58f35d571de1be7d3080fa"
  dependencies:
    add-line-numbers "^1.0.1"
    gl-constants "^1.0.0"
    glsl-shader-name "^1.0.0"
    sprintf-js "^1.0.3"

gl-shader@^4.2.1:
  version "4.2.1"
  resolved "https://registry.yarnpkg.com/gl-shader/-/gl-shader-4.2.1.tgz#bc9b808e9293c51b668e88de615b0c113708dc2f"
  dependencies:
    gl-format-compiler-error "^1.0.2"
    weakmap-shim "^1.1.0"

glsl-shader-name@^1.0.0:
  version "1.0.0"
  resolved "https://registry.yarnpkg.com/glsl-shader-name/-/glsl-shader-name-1.0.0.tgz#a2c30b3ba73499befb0cc7184d7c7733dd4b487d"
  dependencies:
    atob-lite "^1.0.0"
    glsl-tokenizer "^2.0.2"

glsl-tokenizer@^2.0.2:
  version "2.1.2"
  resolved "https://registry.yarnpkg.com/glsl-tokenizer/-/glsl-tokenizer-2.1.2.tgz#720307522e03c57af35c00551950c4a70ef2dfb9"
  dependencies:
    through2 "^0.6.3"

inherits@~2.0.1:
  version "2.0.3"
  resolved "https://registry.yarnpkg.com/inherits/-/inherits-2.0.3.tgz#633c2c83e3da42a502f52466022480f4208261de"

invariant@^2.2.1:
  version "2.2.2"
  resolved "https://registry.yarnpkg.com/invariant/-/invariant-2.2.2.tgz#9e1f56ac0acdb6bf303306f338be3b204ae60360"
  dependencies:
    loose-envify "^1.0.0"

iota-array@^1.0.0:
  version "1.0.0"
  resolved "https://registry.yarnpkg.com/iota-array/-/iota-array-1.0.0.tgz#81ef57fe5d05814cd58c2483632a99c30a0e8087"

is-buffer@^1.0.2:
  version "1.1.5"
  resolved "https://registry.yarnpkg.com/is-buffer/-/is-buffer-1.1.5.tgz#1f3b26ef613b214b88cbca23cc6c01d87961eecc"

isarray@0.0.1:
  version "0.0.1"
  resolved "https://registry.yarnpkg.com/isarray/-/isarray-0.0.1.tgz#8a18acfca9a8f4177e09abfc6038939b05d1eedf"

js-tokens@^3.0.0:
  version "3.0.1"
  resolved "https://registry.yarnpkg.com/js-tokens/-/js-tokens-3.0.1.tgz#08e9f132484a2c45a30907e9dc4d5567b7f114d7"

loose-envify@^1.0.0:
  version "1.3.1"
  resolved "https://registry.yarnpkg.com/loose-envify/-/loose-envify-1.3.1.tgz#d1a8ad33fa9ce0e713d65fdd0ac8b748d478c848"
  dependencies:
    js-tokens "^3.0.0"

ndarray-ops@^1.2.2:
  version "1.2.2"
  resolved "https://registry.yarnpkg.com/ndarray-ops/-/ndarray-ops-1.2.2.tgz#59e88d2c32a7eebcb1bc690fae141579557a614e"
  dependencies:
    cwise-compiler "^1.0.0"

ndarray@^1.0.18:
  version "1.0.18"
  resolved "https://registry.yarnpkg.com/ndarray/-/ndarray-1.0.18.tgz#b60d3a73224ec555d0faa79711e502448fd3f793"
  dependencies:
    iota-array "^1.0.0"
    is-buffer "^1.0.2"

pad-left@^1.0.2:
  version "1.0.2"
  resolved "https://registry.yarnpkg.com/pad-left/-/pad-left-1.0.2.tgz#19e5735ea98395a26cedc6ab926ead10f3100d4c"
  dependencies:
    repeat-string "^1.3.0"

performance-now@~0.2.0:
  version "0.2.0"
  resolved "https://registry.yarnpkg.com/performance-now/-/performance-now-0.2.0.tgz#33ef30c5c77d4ea21c5a53869d91b56d8f2555e5"

raf@^3.3.0:
  version "3.3.0"
  resolved "https://registry.yarnpkg.com/raf/-/raf-3.3.0.tgz#93845eeffc773f8129039f677f80a36044eee2c3"
  dependencies:
    performance-now "~0.2.0"

"readable-stream@>=1.0.33-1 <1.1.0-0":
  version "1.0.34"
  resolved "https://registry.yarnpkg.com/readable-stream/-/readable-stream-1.0.34.tgz#125820e34bc842d2f2aaafafe4c2916ee32c157c"
  dependencies:
    core-util-is "~1.0.0"
    inherits "~2.0.1"
    isarray "0.0.1"
    string_decoder "~0.10.x"

repeat-string@^1.3.0:
  version "1.6.1"
  resolved "https://registry.yarnpkg.com/repeat-string/-/repeat-string-1.6.1.tgz#8dcae470e1c88abc2d600fff4a776286da75e637"

sprintf-js@^1.0.3:
  version "1.0.3"
  resolved "https://registry.yarnpkg.com/sprintf-js/-/sprintf-js-1.0.3.tgz#04e6926f662895354f3dd015203633b857297e2c"

string_decoder@~0.10.x:
  version "0.10.31"
  resolved "https://registry.yarnpkg.com/string_decoder/-/string_decoder-0.10.31.tgz#62e203bc41766c6c28c9fc84301dab1c5310fa94"

through2@^0.6.3:
  version "0.6.5"
  resolved "https://registry.yarnpkg.com/through2/-/through2-0.6.5.tgz#41ab9c67b29d57209071410e1d7a7a968cd3ad48"
  dependencies:
    readable-stream ">=1.0.33-1 <1.1.0-0"
    xtend ">=4.0.0 <4.1.0-0"

typedarray-pool@^1.1.0:
  version "1.1.0"
  resolved "https://registry.yarnpkg.com/typedarray-pool/-/typedarray-pool-1.1.0.tgz#d114f484801489f53ecab5e8088aa23044f498d9"
  dependencies:
    bit-twiddle "^1.0.0"
    dup "^1.0.0"

uniq@^1.0.0:
  version "1.0.1"
  resolved "https://registry.yarnpkg.com/uniq/-/uniq-1.0.1.tgz#b31c5ae8254844a3a8281541ce2b04b865a734ff"

weakmap-shim@^1.1.0:
  version "1.1.1"
  resolved "https://registry.yarnpkg.com/weakmap-shim/-/weakmap-shim-1.1.1.tgz#d65afd784109b2166e00ff571c33150ec2a40b49"

"xtend@>=4.0.0 <4.1.0-0":
  version "4.0.1"
  resolved "https://registry.yarnpkg.com/xtend/-/xtend-4.0.1.tgz#a5c6d532be656e23db820efb943a1f04998d63af"
